<Solution>
  <Folder Name="/Solution Items/">
    <File Path=".editorconfig" />
  </Folder>
  <Folder Name="/Template/">
    <File Path="MinimalWPF_NET10_V7.zip" />
  </Folder>
  <Folder Name="/_Doc/">
    <File Path="LICENSE.txt" />
    <File Path="MainWindow.png" />
    <File Path="README.md" />
    <File Path="Settings.png" />
  </Folder>
  <Project Path="MinimalStartWPF/MinimalStartWPF.csproj" />
  <Project Path="MinimalWPF.Test/MinimalWPF.Test.csproj" Id="09c36ae0-3b62-4934-b6f0-47167f5d45a4" />
  <Project Path="MinimalWPF/MinimalWPF.csproj" Id="713d9b14-2e15-46fd-a331-26af4f9bbb99" />
  <Project Path="MinimalWPF_NET10_V7/MinimalWPF_NET10_V7.csproj" />
  <Project Path="MinimalWPF_SPA/MinimalWPF_SPA.csproj" Id="af757fd1-309a-4ccd-ac1e-f6fd081c3b93" />
  <Project Path="MinimalWPF_TAB/MinimalWPF_TAB.csproj" />
</Solution>
